
Microsoft Visual Studio Solution File, Format Version 12.00
# Visual Studio 15
VisualStudioVersion = 15.0.27130.2027
MinimumVisualStudioVersion = 10.0.40219.1
Project("{8BC9CEB8-8B4A-11D0-8D11-00A0C91BC942}") = "PizzaRestaurant", "PizzaRestaurant\PizzaRestaurant.vcxproj", "{389234EB-1DCE-4E52-BF0A-5E20959E5AEC}"
EndProject
Project("{8BC9CEB8-8B4A-11D0-8D11-00A0C91BC942}") = "unitTests", "unitTests\unitTests.vcxproj", "{C34E1198-DC25-445A-B96A-136CA90C9D40}"
EndProject
Global
	GlobalSection(SolutionConfigurationPlatforms) = preSolution
		Debug|x64 = Debug|x64
		Debug|x86 = Debug|x86
		Release|x64 = Release|x64
		Release|x86 = Release|x86
	EndGlobalSection
	GlobalSection(ProjectConfigurationPlatforms) = postSolution
		{389234EB-1DCE-4E52-BF0A-5E20959E5AEC}.Debug|x64.ActiveCfg = Debug|x64
		{389234EB-1DCE-4E52-BF0A-5E20959E5AEC}.Debug|x64.Build.0 = Debug|x64
		{389234EB-1DCE-4E52-BF0A-5E20959E5AEC}.Debug|x86.ActiveCfg = Debug|Win32
		{389234EB-1DCE-4E52-BF0A-5E20959E5AEC}.Debug|x86.Build.0 = Debug|Win32
		{389234EB-1DCE-4E52-BF0A-5E20959E5AEC}.Release|x64.ActiveCfg = Release|x64
		{389234EB-1DCE-4E52-BF0A-5E20959E5AEC}.Release|x64.Build.0 = Release|x64
		{389234EB-1DCE-4E52-BF0A-5E20959E5AEC}.Release|x86.ActiveCfg = Release|Win32
		{389234EB-1DCE-4E52-BF0A-5E20959E5AEC}.Release|x86.Build.0 = Release|Win32
		{C34E1198-DC25-445A-B96A-136CA90C9D40}.Debug|x64.ActiveCfg = Debug|x64
		{C34E1198-DC25-445A-B96A-136CA90C9D40}.Debug|x64.Build.0 = Debug|x64
		{C34E1198-DC25-445A-B96A-136CA90C9D40}.Debug|x86.ActiveCfg = Debug|Win32
		{C34E1198-DC25-445A-B96A-136CA90C9D40}.Debug|x86.Build.0 = Debug|Win32
		{C34E1198-DC25-445A-B96A-136CA90C9D40}.Release|x64.ActiveCfg = Release|x64
		{C34E1198-DC25-445A-B96A-136CA90C9D40}.Release|x64.Build.0 = Release|x64
		{C34E1198-DC25-445A-B96A-136CA90C9D40}.Release|x86.ActiveCfg = Release|Win32
		{C34E1198-DC25-445A-B96A-136CA90C9D40}.Release|x86.Build.0 = Release|Win32
	EndGlobalSection
	GlobalSection(SolutionProperties) = preSolution
		HideSolutionNode = FALSE
	EndGlobalSection
	GlobalSection(ExtensibilityGlobals) = postSolution
		SolutionGuid = {2599BBE9-3014-4584-AC41-988CDD9BE5DC}
	EndGlobalSection
EndGlobal
