<?xml version="1.0" encoding="utf-8"?>
<Project ToolsVersion="4.0" xmlns="http://schemas.microsoft.com/developer/msbuild/2003">
  <ItemGroup>
    <Filter Include="Source Files">
      <UniqueIdentifier>{4FC737F1-C7A5-4376-A066-2A32D752A2FF}</UniqueIdentifier>
      <Extensions>cpp;c;cc;cxx;def;odl;idl;hpj;bat;asm;asmx</Extensions>
    </Filter>
    <Filter Include="Header Files">
      <UniqueIdentifier>{93995380-89BD-4b04-88EB-625FBE52EBFB}</UniqueIdentifier>
      <Extensions>h;hh;hpp;hxx;hm;inl;inc;xsd</Extensions>
    </Filter>
    <Filter Include="Resource Files">
      <UniqueIdentifier>{67DA6AB6-F800-4c08-8B7A-83BB121AAD01}</UniqueIdentifier>
      <Extensions>rc;ico;cur;bmp;dlg;rc2;rct;bin;rgs;gif;jpg;jpeg;jpe;resx;tiff;tif;png;wav;mfcribbon-ms</Extensions>
    </Filter>
  </ItemGroup>
  <ItemGroup>
    <ClInclude Include="Client.hpp">
      <Filter>Header Files</Filter>
    </ClInclude>
    <ClInclude Include="DominosMargaritta.hpp">
      <Filter>Header Files</Filter>
    </ClInclude>
    <ClInclude Include="DominosHawai.hpp">
      <Filter>Header Files</Filter>
    </ClInclude>
    <ClInclude Include="DijonMustard.hpp">
      <Filter>Header Files</Filter>
    </ClInclude>
    <ClInclude Include="DominosPeperoni.hpp">
      <Filter>Header Files</Filter>
    </ClInclude>
    <ClInclude Include="DominosRestaurant.hpp">
      <Filter>Header Files</Filter>
    </ClInclude>
    <ClInclude Include="GarlicSauce.hpp">
      <Filter>Header Files</Filter>
    </ClInclude>
    <ClInclude Include="HeinzKetchup.hpp">
      <Filter>Header Files</Filter>
    </ClInclude>
    <ClInclude Include="MrPizzaHawai.hpp">
      <Filter>Header Files</Filter>
    </ClInclude>
    <ClInclude Include="MrPizzaMargaritta.hpp">
      <Filter>Header Files</Filter>
    </ClInclude>
    <ClInclude Include="MrPizzaPeperoni.hpp">
      <Filter>Header Files</Filter>
    </ClInclude>
    <ClInclude Include="MrPizzaRestaurant.hpp">
      <Filter>Header Files</Filter>
    </ClInclude>
    <ClInclude Include="Pizza.hpp">
      <Filter>Header Files</Filter>
    </ClInclude>
    <ClInclude Include="PizzaRestaurant.hpp">
      <Filter>Header Files</Filter>
    </ClInclude>
    <ClInclude Include="ToppingsDecorator.hpp">
      <Filter>Header Files</Filter>
    </ClInclude>
  </ItemGroup>
  <ItemGroup>
    <ClCompile Include="Client.cpp">
      <Filter>Source Files</Filter>
    </ClCompile>
    <ClCompile Include="DijonMustard.cpp">
      <Filter>Source Files</Filter>
    </ClCompile>
    <ClCompile Include="DominosHawai.cpp">
      <Filter>Source Files</Filter>
    </ClCompile>
    <ClCompile Include="DominosMargaritta.cpp">
      <Filter>Source Files</Filter>
    </ClCompile>
    <ClCompile Include="DominosPeperoni.cpp">
      <Filter>Source Files</Filter>
    </ClCompile>
    <ClCompile Include="DominosRestaurant.cpp">
      <Filter>Source Files</Filter>
    </ClCompile>
    <ClCompile Include="GarlicSauce.cpp">
      <Filter>Source Files</Filter>
    </ClCompile>
    <ClCompile Include="HeinzKetchup.cpp">
      <Filter>Source Files</Filter>
    </ClCompile>
    <ClCompile Include="main.cpp">
      <Filter>Source Files</Filter>
    </ClCompile>
    <ClCompile Include="MrPizzaHawai.cpp">
      <Filter>Source Files</Filter>
    </ClCompile>
    <ClCompile Include="MrPizzaMargaritta.cpp">
      <Filter>Source Files</Filter>
    </ClCompile>
    <ClCompile Include="MrPizzaPeperoni.cpp">
      <Filter>Source Files</Filter>
    </ClCompile>
    <ClCompile Include="MrPizzaRestaurant.cpp">
      <Filter>Source Files</Filter>
    </ClCompile>
    <ClCompile Include="Pizza.cpp">
      <Filter>Source Files</Filter>
    </ClCompile>
    <ClCompile Include="PizzaRestaurant.cpp">
      <Filter>Source Files</Filter>
    </ClCompile>
    <ClCompile Include="ToppingsDecorator.cpp">
      <Filter>Source Files</Filter>
    </ClCompile>
  </ItemGroup>
</Project>